{
  "name": "@bitbloq/lib3d",
  "version": "0.1.0",
  "lockfileVersion": 1,
  "requires": true,
  "dependencies": {
    "@types/three": {
      "version": "0.93.13",
      "resolved": "https://registry.npmjs.org/@types/three/-/three-0.93.13.tgz",
      "integrity": "sha512-DPlMCir7A2iEviGK/t0gmcsWqTLDTLXOmZO4gwrl2kBnQe/n7PRxAFxrMBLxPlu6+RLDmKEf34lwC7OfvPy9wA=="
    },
    "lodash.clonedeep": {
      "version": "4.5.0",
      "resolved": "https://registry.npmjs.org/lodash.clonedeep/-/lodash.clonedeep-4.5.0.tgz",
      "integrity": "sha1-4j8/nE+Pvd6HJSnBBxhXoIblzO8="
    },
    "lodash.isequal": {
      "version": "4.5.0",
      "resolved": "https://registry.npmjs.org/lodash.isequal/-/lodash.isequal-4.5.0.tgz",
      "integrity": "sha1-QVxEePK8wwEgwizhDtMib30+GOA="
    },
    "three": {
      "version": "0.99.0",
      "resolved": "https://registry.npmjs.org/three/-/three-0.99.0.tgz",
      "integrity": "sha512-DmNNq6H6nRGaqxScJ8x7v5VjdtDZR72oTVwDdKbB2BYNFxCkAoo9vdFAznEsMu9YzTV2yFvbVs7qHRzvJZzTIg=="
    },
    "uuid": {
      "version": "3.3.2",
      "resolved": "https://registry.npmjs.org/uuid/-/uuid-3.3.2.tgz",
      "integrity": "sha512-yXJmeNaw3DnnKAOKJE51sL/ZaYfWJRl1pK9dr19YFCu0ObS231AB1/LbqTKRAQ5kw8A90rA6fr4riOUpTZvQZA=="
    }
  }
}
